
Microsoft Visual Studio Solution File, Format Version 12.00
# Visual Studio 2012
Project("{FAE04EC0-301F-11D3-BF4B-00C04F79EFBC}") = "PenteAI", "PenteAI\PenteAI.csproj", "{744AE182-21BA-43A9-8E98-07D0A48A8C22}"
EndProject
Project("{FAE04EC0-301F-11D3-BF4B-00C04F79EFBC}") = "PenteInterfaces", "PenteInterfaces\PenteInterfaces.csproj", "{0F88AB94-A0C9-4EE8-B763-F49DFBDF3B24}"
EndProject
Project("{FAE04EC0-301F-11D3-BF4B-00C04F79EFBC}") = "UnitTests", "UnitTests\UnitTests.csproj", "{0363D4D9-5E48-4D7C-8B0A-B86350D5DEE7}"
EndProject
Global
	GlobalSection(SolutionConfigurationPlatforms) = preSolution
		Debug|Any CPU = Debug|Any CPU
		Release|Any CPU = Release|Any CPU
	EndGlobalSection
	GlobalSection(ProjectConfigurationPlatforms) = postSolution
		{744AE182-21BA-43A9-8E98-07D0A48A8C22}.Debug|Any CPU.ActiveCfg = Debug|Any CPU
		{744AE182-21BA-43A9-8E98-07D0A48A8C22}.Debug|Any CPU.Build.0 = Debug|Any CPU
		{744AE182-21BA-43A9-8E98-07D0A48A8C22}.Release|Any CPU.ActiveCfg = Release|Any CPU
		{744AE182-21BA-43A9-8E98-07D0A48A8C22}.Release|Any CPU.Build.0 = Release|Any CPU
		{0F88AB94-A0C9-4EE8-B763-F49DFBDF3B24}.Debug|Any CPU.ActiveCfg = Debug|Any CPU
		{0F88AB94-A0C9-4EE8-B763-F49DFBDF3B24}.Debug|Any CPU.Build.0 = Debug|Any CPU
		{0F88AB94-A0C9-4EE8-B763-F49DFBDF3B24}.Release|Any CPU.ActiveCfg = Release|Any CPU
		{0F88AB94-A0C9-4EE8-B763-F49DFBDF3B24}.Release|Any CPU.Build.0 = Release|Any CPU
		{0363D4D9-5E48-4D7C-8B0A-B86350D5DEE7}.Debug|Any CPU.ActiveCfg = Debug|Any CPU
		{0363D4D9-5E48-4D7C-8B0A-B86350D5DEE7}.Debug|Any CPU.Build.0 = Debug|Any CPU
		{0363D4D9-5E48-4D7C-8B0A-B86350D5DEE7}.Release|Any CPU.ActiveCfg = Release|Any CPU
		{0363D4D9-5E48-4D7C-8B0A-B86350D5DEE7}.Release|Any CPU.Build.0 = Release|Any CPU
	EndGlobalSection
	GlobalSection(SolutionProperties) = preSolution
		HideSolutionNode = FALSE
	EndGlobalSection
EndGlobal
